// !$*UTF8*$!
{
	archiveVersion = 1;
	classes = {
	};
	objectVersion = 46;
	objects = {

/* Begin PBXBuildFile section */
		4860EC6819F37140007D059B /* info@2x.png in Resources */ = {isa = PBXBuildFile; fileRef = 4860EC3D19F37140007D059B /* info@2x.png */; };
		4860EC6D19F37140007D059B /* mapPin@2x.png in Resources */ = {isa = PBXBuildFile; fileRef = 4860EC4219F37140007D059B /* mapPin@2x.png */; };
		4860EC8819F55B74007D059B /* MathController.m in Sources */ = {isa = PBXBuildFile; fileRef = 4860EC8719F55B74007D059B /* MathController.m */; };
		48A75E8A1A09385000EF3975 /* MapKit.framework in Frameworks */ = {isa = PBXBuildFile; fileRef = 48A75E891A09385000EF3975 /* MapKit.framework */; };
		48A75E901A094A2A00EF3975 /* DefaultSettings.plist in Resources */ = {isa = PBXBuildFile; fileRef = 48A75E8F1A094A2A00EF3975 /* DefaultSettings.plist */; };
		48C5D6EB19F1A42B001C0273 /* main.m in Sources */ = {isa = PBXBuildFile; fileRef = 48C5D6EA19F1A42B001C0273 /* main.m */; };
		48C5D6EE19F1A42B001C0273 /* DSAppDelegate.m in Sources */ = {isa = PBXBuildFile; fileRef = 48C5D6ED19F1A42B001C0273 /* DSAppDelegate.m */; };
		48C5D6F119F1A42B001C0273 /* MyRunPacer.xcdatamodeld in Sources */ = {isa = PBXBuildFile; fileRef = 48C5D6EF19F1A42B001C0273 /* MyRunPacer.xcdatamodeld */; };
		48C5D6FA19F1A42B001C0273 /* Home.storyboard in Resources */ = {isa = PBXBuildFile; fileRef = 48C5D6F819F1A42B001C0273 /* Home.storyboard */; };
		48C5D6FC19F1A42B001C0273 /* Images.xcassets in Resources */ = {isa = PBXBuildFile; fileRef = 48C5D6FB19F1A42B001C0273 /* Images.xcassets */; };
		48C5D70B19F1A42C001C0273 /* MyRunPacerTests.m in Sources */ = {isa = PBXBuildFile; fileRef = 48C5D70A19F1A42C001C0273 /* MyRunPacerTests.m */; };
		48C5D71619F1A5F3001C0273 /* Location.m in Sources */ = {isa = PBXBuildFile; fileRef = 48C5D71519F1A5F3001C0273 /* Location.m */; };
		48C5D71919F1A5F4001C0273 /* Run.m in Sources */ = {isa = PBXBuildFile; fileRef = 48C5D71819F1A5F4001C0273 /* Run.m */; };
		48CA24F41A0AAD45005A0526 /* DSSettingSelectTableViewController.m in Sources */ = {isa = PBXBuildFile; fileRef = 48CA24F31A0AAD45005A0526 /* DSSettingSelectTableViewController.m */; };
		48EE082919F5F8980014C384 /* MulticolorPolylineSegment.m in Sources */ = {isa = PBXBuildFile; fileRef = 48EE082819F5F8980014C384 /* MulticolorPolylineSegment.m */; };
		48EE082B19F6CEB20014C384 /* AudioToolbox.framework in Frameworks */ = {isa = PBXBuildFile; fileRef = 48EE082A19F6CEB20014C384 /* AudioToolbox.framework */; };
		48F1A6211A0810510096514A /* DSRunDetailTableViewController.m in Sources */ = {isa = PBXBuildFile; fileRef = 48F1A6201A0810510096514A /* DSRunDetailTableViewController.m */; };
		48F1A6241A0816730096514A /* DSNewRunTableViewController.m in Sources */ = {isa = PBXBuildFile; fileRef = 48F1A6231A0816730096514A /* DSNewRunTableViewController.m */; };
		48FC217A19F959AA00EA3965 /* DSPastRunTableViewController.m in Sources */ = {isa = PBXBuildFile; fileRef = 48FC217919F959AA00EA3965 /* DSPastRunTableViewController.m */; };
		48FC218019F991FB00EA3965 /* AppDataObject.m in Sources */ = {isa = PBXBuildFile; fileRef = 48FC217F19F991FB00EA3965 /* AppDataObject.m */; };
		48FC218419F992E700EA3965 /* SettingsDataObject.m in Sources */ = {isa = PBXBuildFile; fileRef = 48FC218319F992E700EA3965 /* SettingsDataObject.m */; };
		48FC21F919FDFEF200EA3965 /* DSLinkedStoryboardSegue.m in Sources */ = {isa = PBXBuildFile; fileRef = 48FC21F819FDFEF200EA3965 /* DSLinkedStoryboardSegue.m */; };
		48FC220019FE00BC00EA3965 /* PastRun.storyboard in Resources */ = {isa = PBXBuildFile; fileRef = 48FC21FF19FE00BC00EA3965 /* PastRun.storyboard */; };
		48FC222219FECE2D00EA3965 /* me.png in Resources */ = {isa = PBXBuildFile; fileRef = 48FC221F19FECE2D00EA3965 /* me.png */; };
		48FC222319FECE2D00EA3965 /* run.png in Resources */ = {isa = PBXBuildFile; fileRef = 48FC222019FECE2D00EA3965 /* run.png */; };
		48FC222419FECE2D00EA3965 /* settings.png in Resources */ = {isa = PBXBuildFile; fileRef = 48FC222119FECE2D00EA3965 /* settings.png */; };
		48FC222B1A001A0700EA3965 /* DSPastRunTableViewCell.m in Sources */ = {isa = PBXBuildFile; fileRef = 48FC22291A001A0700EA3965 /* DSPastRunTableViewCell.m */; };
		48FC222F1A03288400EA3965 /* DSMeTableViewController.m in Sources */ = {isa = PBXBuildFile; fileRef = 48FC222E1A03288400EA3965 /* DSMeTableViewController.m */; };
		48FC22321A03289B00EA3965 /* DSSettingsTableViewController.m in Sources */ = {isa = PBXBuildFile; fileRef = 48FC22311A03289B00EA3965 /* DSSettingsTableViewController.m */; };
/* End PBXBuildFile section */

/* Begin PBXContainerItemProxy section */
		48C5D70519F1A42C001C0273 /* PBXContainerItemProxy */ = {
			isa = PBXContainerItemProxy;
			containerPortal = 48C5D6DD19F1A42B001C0273 /* Project object */;
			proxyType = 1;
			remoteGlobalIDString = 48C5D6E419F1A42B001C0273;
			remoteInfo = MyRunPacer;
		};
/* End PBXContainerItemProxy section */

/* Begin PBXFileReference section */
		4860EC3D19F37140007D059B /* info@2x.png */ = {isa = PBXFileReference; lastKnownFileType = image.png; path = "info@2x.png"; sourceTree = "<group>"; };
		4860EC4219F37140007D059B /* mapPin@2x.png */ = {isa = PBXFileReference; lastKnownFileType = image.png; path = "mapPin@2x.png"; sourceTree = "<group>"; };
		4860EC8619F55B74007D059B /* MathController.h */ = {isa = PBXFileReference; fileEncoding = 4; lastKnownFileType = sourcecode.c.h; path = MathController.h; sourceTree = "<group>"; };
		4860EC8719F55B74007D059B /* MathController.m */ = {isa = PBXFileReference; fileEncoding = 4; lastKnownFileType = sourcecode.c.objc; path = MathController.m; sourceTree = "<group>"; };
		48A75E891A09385000EF3975 /* MapKit.framework */ = {isa = PBXFileReference; lastKnownFileType = wrapper.framework; name = MapKit.framework; path = System/Library/Frameworks/MapKit.framework; sourceTree = SDKROOT; };
		48A75E8F1A094A2A00EF3975 /* DefaultSettings.plist */ = {isa = PBXFileReference; fileEncoding = 4; lastKnownFileType = text.plist.xml; path = DefaultSettings.plist; sourceTree = "<group>"; };
		48C5D6E519F1A42B001C0273 /* MyRunPacer.app */ = {isa = PBXFileReference; explicitFileType = wrapper.application; includeInIndex = 0; path = MyRunPacer.app; sourceTree = BUILT_PRODUCTS_DIR; };
		48C5D6E919F1A42B001C0273 /* Info.plist */ = {isa = PBXFileReference; lastKnownFileType = text.plist.xml; path = Info.plist; sourceTree = "<group>"; };
		48C5D6EA19F1A42B001C0273 /* main.m */ = {isa = PBXFileReference; lastKnownFileType = sourcecode.c.objc; path = main.m; sourceTree = "<group>"; };
		48C5D6EC19F1A42B001C0273 /* DSAppDelegate.h */ = {isa = PBXFileReference; lastKnownFileType = sourcecode.c.h; path = DSAppDelegate.h; sourceTree = "<group>"; };
		48C5D6ED19F1A42B001C0273 /* DSAppDelegate.m */ = {isa = PBXFileReference; lastKnownFileType = sourcecode.c.objc; path = DSAppDelegate.m; sourceTree = "<group>"; };
		48C5D6F019F1A42B001C0273 /* MyRunPacer.xcdatamodel */ = {isa = PBXFileReference; lastKnownFileType = wrapper.xcdatamodel; path = MyRunPacer.xcdatamodel; sourceTree = "<group>"; };
		48C5D6F919F1A42B001C0273 /* Base */ = {isa = PBXFileReference; lastKnownFileType = file.storyboard; name = Base; path = Base.lproj/Home.storyboard; sourceTree = "<group>"; };
		48C5D6FB19F1A42B001C0273 /* Images.xcassets */ = {isa = PBXFileReference; lastKnownFileType = folder.assetcatalog; path = Images.xcassets; sourceTree = "<group>"; };
		48C5D70419F1A42C001C0273 /* MyRunPacerTests.xctest */ = {isa = PBXFileReference; explicitFileType = wrapper.cfbundle; includeInIndex = 0; path = MyRunPacerTests.xctest; sourceTree = BUILT_PRODUCTS_DIR; };
		48C5D70919F1A42C001C0273 /* Info.plist */ = {isa = PBXFileReference; lastKnownFileType = text.plist.xml; path = Info.plist; sourceTree = "<group>"; };
		48C5D70A19F1A42C001C0273 /* MyRunPacerTests.m */ = {isa = PBXFileReference; lastKnownFileType = sourcecode.c.objc; path = MyRunPacerTests.m; sourceTree = "<group>"; };
		48C5D71419F1A5F3001C0273 /* Location.h */ = {isa = PBXFileReference; fileEncoding = 4; lastKnownFileType = sourcecode.c.h; path = Location.h; sourceTree = "<group>"; };
		48C5D71519F1A5F3001C0273 /* Location.m */ = {isa = PBXFileReference; fileEncoding = 4; lastKnownFileType = sourcecode.c.objc; path = Location.m; sourceTree = "<group>"; };
		48C5D71719F1A5F4001C0273 /* Run.h */ = {isa = PBXFileReference; fileEncoding = 4; lastKnownFileType = sourcecode.c.h; path = Run.h; sourceTree = "<group>"; };
		48C5D71819F1A5F4001C0273 /* Run.m */ = {isa = PBXFileReference; fileEncoding = 4; lastKnownFileType = sourcecode.c.objc; path = Run.m; sourceTree = "<group>"; };
		48CA24F21A0AAD45005A0526 /* DSSettingSelectTableViewController.h */ = {isa = PBXFileReference; fileEncoding = 4; lastKnownFileType = sourcecode.c.h; path = DSSettingSelectTableViewController.h; sourceTree = "<group>"; };
		48CA24F31A0AAD45005A0526 /* DSSettingSelectTableViewController.m */ = {isa = PBXFileReference; fileEncoding = 4; lastKnownFileType = sourcecode.c.objc; path = DSSettingSelectTableViewController.m; sourceTree = "<group>"; };
		48EE082719F5F8980014C384 /* MulticolorPolylineSegment.h */ = {isa = PBXFileReference; fileEncoding = 4; lastKnownFileType = sourcecode.c.h; path = MulticolorPolylineSegment.h; sourceTree = "<group>"; };
		48EE082819F5F8980014C384 /* MulticolorPolylineSegment.m */ = {isa = PBXFileReference; fileEncoding = 4; lastKnownFileType = sourcecode.c.objc; path = MulticolorPolylineSegment.m; sourceTree = "<group>"; };
		48EE082A19F6CEB20014C384 /* AudioToolbox.framework */ = {isa = PBXFileReference; lastKnownFileType = wrapper.framework; name = AudioToolbox.framework; path = System/Library/Frameworks/AudioToolbox.framework; sourceTree = SDKROOT; };
		48F1A61F1A0810510096514A /* DSRunDetailTableViewController.h */ = {isa = PBXFileReference; fileEncoding = 4; lastKnownFileType = sourcecode.c.h; path = DSRunDetailTableViewController.h; sourceTree = "<group>"; };
		48F1A6201A0810510096514A /* DSRunDetailTableViewController.m */ = {isa = PBXFileReference; fileEncoding = 4; lastKnownFileType = sourcecode.c.objc; path = DSRunDetailTableViewController.m; sourceTree = "<group>"; };
		48F1A6221A0816730096514A /* DSNewRunTableViewController.h */ = {isa = PBXFileReference; fileEncoding = 4; lastKnownFileType = sourcecode.c.h; path = DSNewRunTableViewController.h; sourceTree = "<group>"; };
		48F1A6231A0816730096514A /* DSNewRunTableViewController.m */ = {isa = PBXFileReference; fileEncoding = 4; lastKnownFileType = sourcecode.c.objc; path = DSNewRunTableViewController.m; sourceTree = "<group>"; };
		48FC217819F959AA00EA3965 /* DSPastRunTableViewController.h */ = {isa = PBXFileReference; fileEncoding = 4; lastKnownFileType = sourcecode.c.h; path = DSPastRunTableViewController.h; sourceTree = "<group>"; };
		48FC217919F959AA00EA3965 /* DSPastRunTableViewController.m */ = {isa = PBXFileReference; fileEncoding = 4; lastKnownFileType = sourcecode.c.objc; path = DSPastRunTableViewController.m; sourceTree = "<group>"; };
		48FC217E19F991FB00EA3965 /* AppDataObject.h */ = {isa = PBXFileReference; fileEncoding = 4; lastKnownFileType = sourcecode.c.h; path = AppDataObject.h; sourceTree = "<group>"; };
		48FC217F19F991FB00EA3965 /* AppDataObject.m */ = {isa = PBXFileReference; fileEncoding = 4; lastKnownFileType = sourcecode.c.objc; path = AppDataObject.m; sourceTree = "<group>"; };
		48FC218119F9926700EA3965 /* AppDelegateProtocol.h */ = {isa = PBXFileReference; fileEncoding = 4; lastKnownFileType = sourcecode.c.h; path = AppDelegateProtocol.h; sourceTree = "<group>"; };
		48FC218219F992E700EA3965 /* SettingsDataObject.h */ = {isa = PBXFileReference; fileEncoding = 4; lastKnownFileType = sourcecode.c.h; path = SettingsDataObject.h; sourceTree = "<group>"; };
		48FC218319F992E700EA3965 /* SettingsDataObject.m */ = {isa = PBXFileReference; fileEncoding = 4; lastKnownFileType = sourcecode.c.objc; path = SettingsDataObject.m; sourceTree = "<group>"; };
		48FC21F719FDFEF200EA3965 /* DSLinkedStoryboardSegue.h */ = {isa = PBXFileReference; fileEncoding = 4; lastKnownFileType = sourcecode.c.h; path = DSLinkedStoryboardSegue.h; sourceTree = "<group>"; };
		48FC21F819FDFEF200EA3965 /* DSLinkedStoryboardSegue.m */ = {isa = PBXFileReference; fileEncoding = 4; lastKnownFileType = sourcecode.c.objc; path = DSLinkedStoryboardSegue.m; sourceTree = "<group>"; };
		48FC21FF19FE00BC00EA3965 /* PastRun.storyboard */ = {isa = PBXFileReference; fileEncoding = 4; lastKnownFileType = file.storyboard; path = PastRun.storyboard; sourceTree = "<group>"; };
		48FC221F19FECE2D00EA3965 /* me.png */ = {isa = PBXFileReference; lastKnownFileType = image.png; path = me.png; sourceTree = "<group>"; };
		48FC222019FECE2D00EA3965 /* run.png */ = {isa = PBXFileReference; lastKnownFileType = image.png; path = run.png; sourceTree = "<group>"; };
		48FC222119FECE2D00EA3965 /* settings.png */ = {isa = PBXFileReference; lastKnownFileType = image.png; path = settings.png; sourceTree = "<group>"; };
		48FC22281A001A0700EA3965 /* DSPastRunTableViewCell.h */ = {isa = PBXFileReference; fileEncoding = 4; lastKnownFileType = sourcecode.c.h; path = DSPastRunTableViewCell.h; sourceTree = "<group>"; };
		48FC22291A001A0700EA3965 /* DSPastRunTableViewCell.m */ = {isa = PBXFileReference; fileEncoding = 4; lastKnownFileType = sourcecode.c.objc; path = DSPastRunTableViewCell.m; sourceTree = "<group>"; };
		48FC222D1A03288400EA3965 /* DSMeTableViewController.h */ = {isa = PBXFileReference; fileEncoding = 4; lastKnownFileType = sourcecode.c.h; path = DSMeTableViewController.h; sourceTree = "<group>"; };
		48FC222E1A03288400EA3965 /* DSMeTableViewController.m */ = {isa = PBXFileReference; fileEncoding = 4; lastKnownFileType = sourcecode.c.objc; path = DSMeTableViewController.m; sourceTree = "<group>"; };
		48FC22301A03289B00EA3965 /* DSSettingsTableViewController.h */ = {isa = PBXFileReference; fileEncoding = 4; lastKnownFileType = sourcecode.c.h; path = DSSettingsTableViewController.h; sourceTree = "<group>"; };
		48FC22311A03289B00EA3965 /* DSSettingsTableViewController.m */ = {isa = PBXFileReference; fileEncoding = 4; lastKnownFileType = sourcecode.c.objc; path = DSSettingsTableViewController.m; sourceTree = "<group>"; };
/* End PBXFileReference section */

/* Begin PBXFrameworksBuildPhase section */
		48C5D6E219F1A42B001C0273 /* Frameworks */ = {
			isa = PBXFrameworksBuildPhase;
			buildActionMask = 2147483647;
			files = (
				48A75E8A1A09385000EF3975 /* MapKit.framework in Frameworks */,
				48EE082B19F6CEB20014C384 /* AudioToolbox.framework in Frameworks */,
			);
			runOnlyForDeploymentPostprocessing = 0;
		};
		48C5D70119F1A42C001C0273 /* Frameworks */ = {
			isa = PBXFrameworksBuildPhase;
			buildActionMask = 2147483647;
			files = (
			);
			runOnlyForDeploymentPostprocessing = 0;
		};
/* End PBXFrameworksBuildPhase section */

/* Begin PBXGroup section */
		4860EC2919F37132007D059B /* Images */ = {
			isa = PBXGroup;
			children = (
				48FC221F19FECE2D00EA3965 /* me.png */,
				48FC222019FECE2D00EA3965 /* run.png */,
				48FC222119FECE2D00EA3965 /* settings.png */,
				4860EC3D19F37140007D059B /* info@2x.png */,
				4860EC4219F37140007D059B /* mapPin@2x.png */,
			);
			name = Images;
			sourceTree = "<group>";
		};
		48C5D6DC19F1A42B001C0273 = {
			isa = PBXGroup;
			children = (
				48C5D6E719F1A42B001C0273 /* MyRunPacer */,
				48C5D70719F1A42C001C0273 /* MyRunPacerTests */,
				48C5D6E619F1A42B001C0273 /* Products */,
			);
			sourceTree = "<group>";
		};
		48C5D6E619F1A42B001C0273 /* Products */ = {
			isa = PBXGroup;
			children = (
				48C5D6E519F1A42B001C0273 /* MyRunPacer.app */,
				48C5D70419F1A42C001C0273 /* MyRunPacerTests.xctest */,
			);
			name = Products;
			sourceTree = "<group>";
		};
		48C5D6E719F1A42B001C0273 /* MyRunPacer */ = {
			isa = PBXGroup;
			children = (
				48C5D71A19F1A606001C0273 /* GUI */,
				48FC217D19F991D500EA3965 /* Settings */,
				48FC217C19F9862200EA3965 /* Frameworks */,
				48EE082619F5F84A0014C384 /* Utilities */,
				4860EC2919F37132007D059B /* Images */,
				48C5D71B19F1A61F001C0273 /* Data */,
				48C5D6E819F1A42B001C0273 /* Supporting Files */,
			);
			path = MyRunPacer;
			sourceTree = "<group>";
		};
		48C5D6E819F1A42B001C0273 /* Supporting Files */ = {
			isa = PBXGroup;
			children = (
				48C5D6E919F1A42B001C0273 /* Info.plist */,
				48C5D6EA19F1A42B001C0273 /* main.m */,
			);
			name = "Supporting Files";
			sourceTree = "<group>";
		};
		48C5D70719F1A42C001C0273 /* MyRunPacerTests */ = {
			isa = PBXGroup;
			children = (
				48C5D70A19F1A42C001C0273 /* MyRunPacerTests.m */,
				48C5D70819F1A42C001C0273 /* Supporting Files */,
			);
			path = MyRunPacerTests;
			sourceTree = "<group>";
		};
		48C5D70819F1A42C001C0273 /* Supporting Files */ = {
			isa = PBXGroup;
			children = (
				48C5D70919F1A42C001C0273 /* Info.plist */,
			);
			name = "Supporting Files";
			sourceTree = "<group>";
		};
		48C5D71A19F1A606001C0273 /* GUI */ = {
			isa = PBXGroup;
			children = (
				48C5D6F819F1A42B001C0273 /* Home.storyboard */,
				48FC220A19FE898700EA3965 /* Me */,
				48FC21FB19FE009100EA3965 /* NewRun */,
				48FC220319FE7EBE00EA3965 /* RunDetail */,
				48FC21FC19FE009E00EA3965 /* PastRunTable */,
				48FC21FA19FE004F00EA3965 /* Settings */,
				48C5D6FB19F1A42B001C0273 /* Images.xcassets */,
				48FC220119FE7B1200EA3965 /* Helpers */,
			);
			name = GUI;
			sourceTree = "<group>";
		};
		48C5D71B19F1A61F001C0273 /* Data */ = {
			isa = PBXGroup;
			children = (
				48C5D6EF19F1A42B001C0273 /* MyRunPacer.xcdatamodeld */,
				48C5D71719F1A5F4001C0273 /* Run.h */,
				48C5D71819F1A5F4001C0273 /* Run.m */,
				48C5D71419F1A5F3001C0273 /* Location.h */,
				48C5D71519F1A5F3001C0273 /* Location.m */,
			);
			name = Data;
			sourceTree = "<group>";
		};
		48EE082619F5F84A0014C384 /* Utilities */ = {
			isa = PBXGroup;
			children = (
				4860EC8619F55B74007D059B /* MathController.h */,
				4860EC8719F55B74007D059B /* MathController.m */,
				48EE082719F5F8980014C384 /* MulticolorPolylineSegment.h */,
				48EE082819F5F8980014C384 /* MulticolorPolylineSegment.m */,
			);
			name = Utilities;
			sourceTree = "<group>";
		};
		48FC217C19F9862200EA3965 /* Frameworks */ = {
			isa = PBXGroup;
			children = (
				48A75E891A09385000EF3975 /* MapKit.framework */,
				48EE082A19F6CEB20014C384 /* AudioToolbox.framework */,
			);
			name = Frameworks;
			sourceTree = "<group>";
		};
		48FC217D19F991D500EA3965 /* Settings */ = {
			isa = PBXGroup;
			children = (
				48FC217E19F991FB00EA3965 /* AppDataObject.h */,
				48FC217F19F991FB00EA3965 /* AppDataObject.m */,
				48FC218119F9926700EA3965 /* AppDelegateProtocol.h */,
				48FC218219F992E700EA3965 /* SettingsDataObject.h */,
				48FC218319F992E700EA3965 /* SettingsDataObject.m */,
				48A75E8F1A094A2A00EF3975 /* DefaultSettings.plist */,
			);
			name = Settings;
			sourceTree = "<group>";
		};
		48FC21FA19FE004F00EA3965 /* Settings */ = {
			isa = PBXGroup;
			children = (
				48FC22301A03289B00EA3965 /* DSSettingsTableViewController.h */,
				48FC22311A03289B00EA3965 /* DSSettingsTableViewController.m */,
				48CA24F21A0AAD45005A0526 /* DSSettingSelectTableViewController.h */,
				48CA24F31A0AAD45005A0526 /* DSSettingSelectTableViewController.m */,
			);
			name = Settings;
			sourceTree = "<group>";
		};
		48FC21FB19FE009100EA3965 /* NewRun */ = {
			isa = PBXGroup;
			children = (
				48F1A6221A0816730096514A /* DSNewRunTableViewController.h */,
				48F1A6231A0816730096514A /* DSNewRunTableViewController.m */,
			);
			name = NewRun;
			sourceTree = "<group>";
		};
		48FC21FC19FE009E00EA3965 /* PastRunTable */ = {
			isa = PBXGroup;
			children = (
				48FC217819F959AA00EA3965 /* DSPastRunTableViewController.h */,
				48FC217919F959AA00EA3965 /* DSPastRunTableViewController.m */,
				48FC21FF19FE00BC00EA3965 /* PastRun.storyboard */,
				48FC22281A001A0700EA3965 /* DSPastRunTableViewCell.h */,
				48FC22291A001A0700EA3965 /* DSPastRunTableViewCell.m */,
			);
			name = PastRunTable;
			sourceTree = "<group>";
		};
		48FC220119FE7B1200EA3965 /* Helpers */ = {
			isa = PBXGroup;
			children = (
				48C5D6ED19F1A42B001C0273 /* DSAppDelegate.m */,
				48C5D6EC19F1A42B001C0273 /* DSAppDelegate.h */,
				48FC21F819FDFEF200EA3965 /* DSLinkedStoryboardSegue.m */,
				48FC21F719FDFEF200EA3965 /* DSLinkedStoryboardSegue.h */,
			);
			name = Helpers;
			sourceTree = "<group>";
		};
		48FC220319FE7EBE00EA3965 /* RunDetail */ = {
			isa = PBXGroup;
			children = (
				48F1A61F1A0810510096514A /* DSRunDetailTableViewController.h */,
				48F1A6201A0810510096514A /* DSRunDetailTableViewController.m */,
			);
			name = RunDetail;
			sourceTree = "<group>";
		};
		48FC220A19FE898700EA3965 /* Me */ = {
			isa = PBXGroup;
			children = (
				48FC222D1A03288400EA3965 /* DSMeTableViewController.h */,
				48FC222E1A03288400EA3965 /* DSMeTableViewController.m */,
			);
			name = Me;
			sourceTree = "<group>";
		};
/* End PBXGroup section */

/* Begin PBXNativeTarget section */
		48C5D6E419F1A42B001C0273 /* MyRunPacer */ = {
			isa = PBXNativeTarget;
			buildConfigurationList = 48C5D70E19F1A42C001C0273 /* Build configuration list for PBXNativeTarget "MyRunPacer" */;
			buildPhases = (
				48C5D6E119F1A42B001C0273 /* Sources */,
				48C5D6E219F1A42B001C0273 /* Frameworks */,
				48C5D6E319F1A42B001C0273 /* Resources */,
			);
			buildRules = (
			);
			dependencies = (
			);
			name = MyRunPacer;
			productName = MyRunPacer;
			productReference = 48C5D6E519F1A42B001C0273 /* MyRunPacer.app */;
			productType = "com.apple.product-type.application";
		};
		48C5D70319F1A42C001C0273 /* MyRunPacerTests */ = {
			isa = PBXNativeTarget;
			buildConfigurationList = 48C5D71119F1A42C001C0273 /* Build configuration list for PBXNativeTarget "MyRunPacerTests" */;
			buildPhases = (
				48C5D70019F1A42C001C0273 /* Sources */,
				48C5D70119F1A42C001C0273 /* Frameworks */,
				48C5D70219F1A42C001C0273 /* Resources */,
			);
			buildRules = (
			);
			dependencies = (
				48C5D70619F1A42C001C0273 /* PBXTargetDependency */,
			);
			name = MyRunPacerTests;
			productName = MyRunPacerTests;
			productReference = 48C5D70419F1A42C001C0273 /* MyRunPacerTests.xctest */;
			productType = "com.apple.product-type.bundle.unit-test";
		};
/* End PBXNativeTarget section */

/* Begin PBXProject section */
		48C5D6DD19F1A42B001C0273 /* Project object */ = {
			isa = PBXProject;
			attributes = {
				LastUpgradeCheck = 0600;
				ORGANIZATIONNAME = "Danny J. Delano Jr.";
				TargetAttributes = {
					48C5D6E419F1A42B001C0273 = {
						CreatedOnToolsVersion = 6.0.1;
						SystemCapabilities = {
							com.apple.BackgroundModes = {
								enabled = 1;
							};
							com.apple.Maps.iOS = {
								enabled = 1;
							};
						};
					};
					48C5D70319F1A42C001C0273 = {
						CreatedOnToolsVersion = 6.0.1;
						TestTargetID = 48C5D6E419F1A42B001C0273;
					};
				};
			};
			buildConfigurationList = 48C5D6E019F1A42B001C0273 /* Build configuration list for PBXProject "MyRunPacer" */;
			compatibilityVersion = "Xcode 3.2";
			developmentRegion = English;
			hasScannedForEncodings = 0;
			knownRegions = (
				en,
				Base,
			);
			mainGroup = 48C5D6DC19F1A42B001C0273;
			productRefGroup = 48C5D6E619F1A42B001C0273 /* Products */;
			projectDirPath = "";
			projectRoot = "";
			targets = (
				48C5D6E419F1A42B001C0273 /* MyRunPacer */,
				48C5D70319F1A42C001C0273 /* MyRunPacerTests */,
			);
		};
/* End PBXProject section */

/* Begin PBXResourcesBuildPhase section */
		48C5D6E319F1A42B001C0273 /* Resources */ = {
			isa = PBXResourcesBuildPhase;
			buildActionMask = 2147483647;
			files = (
				48C5D6FA19F1A42B001C0273 /* Home.storyboard in Resources */,
				48C5D6FC19F1A42B001C0273 /* Images.xcassets in Resources */,
				4860EC6D19F37140007D059B /* mapPin@2x.png in Resources */,
				4860EC6819F37140007D059B /* info@2x.png in Resources */,
				48FC220019FE00BC00EA3965 /* PastRun.storyboard in Resources */,
				48A75E901A094A2A00EF3975 /* DefaultSettings.plist in Resources */,
				48FC222419FECE2D00EA3965 /* settings.png in Resources */,
				48FC222219FECE2D00EA3965 /* me.png in Resources */,
				48FC222319FECE2D00EA3965 /* run.png in Resources */,
			);
			runOnlyForDeploymentPostprocessing = 0;
		};
		48C5D70219F1A42C001C0273 /* Resources */ = {
			isa = PBXResourcesBuildPhase;
			buildActionMask = 2147483647;
			files = (
			);
			runOnlyForDeploymentPostprocessing = 0;
		};
/* End PBXResourcesBuildPhase section */

/* Begin PBXSourcesBuildPhase section */
		48C5D6E119F1A42B001C0273 /* Sources */ = {
			isa = PBXSourcesBuildPhase;
			buildActionMask = 2147483647;
			files = (
				48FC218019F991FB00EA3965 /* AppDataObject.m in Sources */,
				48FC218419F992E700EA3965 /* SettingsDataObject.m in Sources */,
				48C5D71919F1A5F4001C0273 /* Run.m in Sources */,
				48FC222F1A03288400EA3965 /* DSMeTableViewController.m in Sources */,
				48FC22321A03289B00EA3965 /* DSSettingsTableViewController.m in Sources */,
				48FC222B1A001A0700EA3965 /* DSPastRunTableViewCell.m in Sources */,
				48F1A6241A0816730096514A /* DSNewRunTableViewController.m in Sources */,
				4860EC8819F55B74007D059B /* MathController.m in Sources */,
				48FC217A19F959AA00EA3965 /* DSPastRunTableViewController.m in Sources */,
				48EE082919F5F8980014C384 /* MulticolorPolylineSegment.m in Sources */,
				48F1A6211A0810510096514A /* DSRunDetailTableViewController.m in Sources */,
				48FC21F919FDFEF200EA3965 /* DSLinkedStoryboardSegue.m in Sources */,
				48C5D6EE19F1A42B001C0273 /* DSAppDelegate.m in Sources */,
				48C5D6EB19F1A42B001C0273 /* main.m in Sources */,
				48CA24F41A0AAD45005A0526 /* DSSettingSelectTableViewController.m in Sources */,
				48C5D71619F1A5F3001C0273 /* Location.m in Sources */,
				48C5D6F119F1A42B001C0273 /* MyRunPacer.xcdatamodeld in Sources */,
			);
			runOnlyForDeploymentPostprocessing = 0;
		};
		48C5D70019F1A42C001C0273 /* Sources */ = {
			isa = PBXSourcesBuildPhase;
			buildActionMask = 2147483647;
			files = (
				48C5D70B19F1A42C001C0273 /* MyRunPacerTests.m in Sources */,
			);
			runOnlyForDeploymentPostprocessing = 0;
		};
/* End PBXSourcesBuildPhase section */

/* Begin PBXTargetDependency section */
		48C5D70619F1A42C001C0273 /* PBXTargetDependency */ = {
			isa = PBXTargetDependency;
			target = 48C5D6E419F1A42B001C0273 /* MyRunPacer */;
			targetProxy = 48C5D70519F1A42C001C0273 /* PBXContainerItemProxy */;
		};
/* End PBXTargetDependency section */

/* Begin PBXVariantGroup section */
		48C5D6F819F1A42B001C0273 /* Home.storyboard */ = {
			isa = PBXVariantGroup;
			children = (
				48C5D6F919F1A42B001C0273 /* Base */,
			);
			name = Home.storyboard;
			sourceTree = "<group>";
		};
/* End PBXVariantGroup section */

/* Begin XCBuildConfiguration section */
		48C5D70C19F1A42C001C0273 /* Debug */ = {
			isa = XCBuildConfiguration;
			buildSettings = {
				ALWAYS_SEARCH_USER_PATHS = NO;
				CLANG_CXX_LANGUAGE_STANDARD = "gnu++0x";
				CLANG_CXX_LIBRARY = "libc++";
				CLANG_ENABLE_MODULES = YES;
				CLANG_ENABLE_OBJC_ARC = YES;
				CLANG_WARN_BOOL_CONVERSION = YES;
				CLANG_WARN_CONSTANT_CONVERSION = YES;
				CLANG_WARN_DIRECT_OBJC_ISA_USAGE = YES_ERROR;
				CLANG_WARN_EMPTY_BODY = YES;
				CLANG_WARN_ENUM_CONVERSION = YES;
				CLANG_WARN_INT_CONVERSION = YES;
				CLANG_WARN_OBJC_ROOT_CLASS = YES_ERROR;
				CLANG_WARN_UNREACHABLE_CODE = YES;
				CLANG_WARN__DUPLICATE_METHOD_MATCH = YES;
				"CODE_SIGN_IDENTITY[sdk=iphoneos*]" = "iPhone Developer";
				COPY_PHASE_STRIP = NO;
				ENABLE_STRICT_OBJC_MSGSEND = YES;
				GCC_C_LANGUAGE_STANDARD = gnu99;
				GCC_DYNAMIC_NO_PIC = NO;
				GCC_OPTIMIZATION_LEVEL = 0;
				GCC_PREPROCESSOR_DEFINITIONS = (
					"DEBUG=1",
					"$(inherited)",
				);
				GCC_SYMBOLS_PRIVATE_EXTERN = NO;
				GCC_WARN_64_TO_32_BIT_CONVERSION = YES;
				GCC_WARN_ABOUT_RETURN_TYPE = YES_ERROR;
				GCC_WARN_UNDECLARED_SELECTOR = YES;
				GCC_WARN_UNINITIALIZED_AUTOS = YES_AGGRESSIVE;
				GCC_WARN_UNUSED_FUNCTION = YES;
				GCC_WARN_UNUSED_VARIABLE = YES;
				IPHONEOS_DEPLOYMENT_TARGET = 8.0;
				MTL_ENABLE_DEBUG_INFO = YES;
				ONLY_ACTIVE_ARCH = YES;
				SDKROOT = iphoneos;
			};
			name = Debug;
		};
		48C5D70D19F1A42C001C0273 /* Release */ = {
			isa = XCBuildConfiguration;
			buildSettings = {
				ALWAYS_SEARCH_USER_PATHS = NO;
				CLANG_CXX_LANGUAGE_STANDARD = "gnu++0x";
				CLANG_CXX_LIBRARY = "libc++";
				CLANG_ENABLE_MODULES = YES;
				CLANG_ENABLE_OBJC_ARC = YES;
				CLANG_WARN_BOOL_CONVERSION = YES;
				CLANG_WARN_CONSTANT_CONVERSION = YES;
				CLANG_WARN_DIRECT_OBJC_ISA_USAGE = YES_ERROR;
				CLANG_WARN_EMPTY_BODY = YES;
				CLANG_WARN_ENUM_CONVERSION = YES;
				CLANG_WARN_INT_CONVERSION = YES;
				CLANG_WARN_OBJC_ROOT_CLASS = YES_ERROR;
				CLANG_WARN_UNREACHABLE_CODE = YES;
				CLANG_WARN__DUPLICATE_METHOD_MATCH = YES;
				"CODE_SIGN_IDENTITY[sdk=iphoneos*]" = "iPhone Developer";
				COPY_PHASE_STRIP = YES;
				ENABLE_NS_ASSERTIONS = NO;
				ENABLE_STRICT_OBJC_MSGSEND = YES;
				GCC_C_LANGUAGE_STANDARD = gnu99;
				GCC_WARN_64_TO_32_BIT_CONVERSION = YES;
				GCC_WARN_ABOUT_RETURN_TYPE = YES_ERROR;
				GCC_WARN_UNDECLARED_SELECTOR = YES;
				GCC_WARN_UNINITIALIZED_AUTOS = YES_AGGRESSIVE;
				GCC_WARN_UNUSED_FUNCTION = YES;
				GCC_WARN_UNUSED_VARIABLE = YES;
				IPHONEOS_DEPLOYMENT_TARGET = 8.0;
				MTL_ENABLE_DEBUG_INFO = NO;
				SDKROOT = iphoneos;
				VALIDATE_PRODUCT = YES;
			};
			name = Release;
		};
		48C5D70F19F1A42C001C0273 /* Debug */ = {
			isa = XCBuildConfiguration;
			buildSettings = {
				ASSETCATALOG_COMPILER_APPICON_NAME = AppIcon;
				ASSETCATALOG_COMPILER_LAUNCHIMAGE_NAME = LaunchImage;
				INFOPLIST_FILE = MyRunPacer/Info.plist;
				LD_RUNPATH_SEARCH_PATHS = "$(inherited) @executable_path/Frameworks";
				PRODUCT_NAME = "$(TARGET_NAME)";
				TARGETED_DEVICE_FAMILY = 1;
			};
			name = Debug;
		};
		48C5D71019F1A42C001C0273 /* Release */ = {
			isa = XCBuildConfiguration;
			buildSettings = {
				ASSETCATALOG_COMPILER_APPICON_NAME = AppIcon;
				ASSETCATALOG_COMPILER_LAUNCHIMAGE_NAME = LaunchImage;
				INFOPLIST_FILE = MyRunPacer/Info.plist;
				LD_RUNPATH_SEARCH_PATHS = "$(inherited) @executable_path/Frameworks";
				PRODUCT_NAME = "$(TARGET_NAME)";
				TARGETED_DEVICE_FAMILY = 1;
			};
			name = Release;
		};
		48C5D71219F1A42C001C0273 /* Debug */ = {
			isa = XCBuildConfiguration;
			buildSettings = {
				BUNDLE_LOADER = "$(TEST_HOST)";
				FRAMEWORK_SEARCH_PATHS = (
					"$(SDKROOT)/Developer/Library/Frameworks",
					"$(inherited)",
				);
				GCC_PREPROCESSOR_DEFINITIONS = (
					"DEBUG=1",
					"$(inherited)",
				);
				INFOPLIST_FILE = MyRunPacerTests/Info.plist;
				LD_RUNPATH_SEARCH_PATHS = "$(inherited) @executable_path/Frameworks @loader_path/Frameworks";
				PRODUCT_NAME = "$(TARGET_NAME)";
				TEST_HOST = "$(BUILT_PRODUCTS_DIR)/MyRunPacer.app/MyRunPacer";
			};
			name = Debug;
		};
		48C5D71319F1A42C001C0273 /* Release */ = {
			isa = XCBuildConfiguration;
			buildSettings = {
				BUNDLE_LOADER = "$(TEST_HOST)";
				FRAMEWORK_SEARCH_PATHS = (
					"$(SDKROOT)/Developer/Library/Frameworks",
					"$(inherited)",
				);
				INFOPLIST_FILE = MyRunPacerTests/Info.plist;
				LD_RUNPATH_SEARCH_PATHS = "$(inherited) @executable_path/Frameworks @loader_path/Frameworks";
				PRODUCT_NAME = "$(TARGET_NAME)";
				TEST_HOST = "$(BUILT_PRODUCTS_DIR)/MyRunPacer.app/MyRunPacer";
			};
			name = Release;
		};
/* End XCBuildConfiguration section */

/* Begin XCConfigurationList section */
		48C5D6E019F1A42B001C0273 /* Build configuration list for PBXProject "MyRunPacer" */ = {
			isa = XCConfigurationList;
			buildConfigurations = (
				48C5D70C19F1A42C001C0273 /* Debug */,
				48C5D70D19F1A42C001C0273 /* Release */,
			);
			defaultConfigurationIsVisible = 0;
			defaultConfigurationName = Release;
		};
		48C5D70E19F1A42C001C0273 /* Build configuration list for PBXNativeTarget "MyRunPacer" */ = {
			isa = XCConfigurationList;
			buildConfigurations = (
				48C5D70F19F1A42C001C0273 /* Debug */,
				48C5D71019F1A42C001C0273 /* Release */,
			);
			defaultConfigurationIsVisible = 0;
			defaultConfigurationName = Release;
		};
		48C5D71119F1A42C001C0273 /* Build configuration list for PBXNativeTarget "MyRunPacerTests" */ = {
			isa = XCConfigurationList;
			buildConfigurations = (
				48C5D71219F1A42C001C0273 /* Debug */,
				48C5D71319F1A42C001C0273 /* Release */,
			);
			defaultConfigurationIsVisible = 0;
			defaultConfigurationName = Release;
		};
/* End XCConfigurationList section */

/* Begin XCVersionGroup section */
		48C5D6EF19F1A42B001C0273 /* MyRunPacer.xcdatamodeld */ = {
			isa = XCVersionGroup;
			children = (
				48C5D6F019F1A42B001C0273 /* MyRunPacer.xcdatamodel */,
			);
			currentVersion = 48C5D6F019F1A42B001C0273 /* MyRunPacer.xcdatamodel */;
			path = MyRunPacer.xcdatamodeld;
			sourceTree = "<group>";
			versionGroupType = wrapper.xcdatamodel;
		};
/* End XCVersionGroup section */
	};
	rootObject = 48C5D6DD19F1A42B001C0273 /* Project object */;
}
